
Microsoft Visual Studio Solution File, Format Version 12.00
# Visual Studio Version 16
VisualStudioVersion = 16.0.30717.126
MinimumVisualStudioVersion = 10.0.40219.1
Project("{FAE04EC0-301F-11D3-BF4B-00C04F79EFBC}") = "EverbridgeWCF", "EverbridgeWCF\EverbridgeWCF.csproj", "{35D7AC4A-5877-42F3-9EC3-B7E3DF4C6FEB}"
EndProject
Global
	GlobalSection(SolutionConfigurationPlatforms) = preSolution
		Debug|Any CPU = Debug|Any CPU
		Release|Any CPU = Release|Any CPU
	EndGlobalSection
	GlobalSection(ProjectConfigurationPlatforms) = postSolution
		{35D7AC4A-5877-42F3-9EC3-B7E3DF4C6FEB}.Debug|Any CPU.ActiveCfg = Debug|Any CPU
		{35D7AC4A-5877-42F3-9EC3-B7E3DF4C6FEB}.Debug|Any CPU.Build.0 = Debug|Any CPU
		{35D7AC4A-5877-42F3-9EC3-B7E3DF4C6FEB}.Release|Any CPU.ActiveCfg = Release|Any CPU
		{35D7AC4A-5877-42F3-9EC3-B7E3DF4C6FEB}.Release|Any CPU.Build.0 = Release|Any CPU
	EndGlobalSection
	GlobalSection(SolutionProperties) = preSolution
		HideSolutionNode = FALSE
	EndGlobalSection
	GlobalSection(ExtensibilityGlobals) = postSolution
		SolutionGuid = {0232BF83-75A6-4E64-9FCD-8F798E720D61}
	EndGlobalSection
EndGlobal
